{
  "name": "hpro",
  "version": "1.0.0",
  "lockfileVersion": 1,
  "requires": true,
  "dependencies": {
    "hprose": {
      "version": "2.0.51",
      "resolved": "https://registry.npmjs.org/hprose/-/hprose-2.0.51.tgz",
      "integrity": "sha512-yZHm1QhYg7UW7/9cggGOFAVbpPslVqIZz7Dyk0tql44V5ZocRXfDqOsUo9EVcWSDeuatUK6aUbSnCMZdp02VOQ==",
      "requires": {
        "ws": ">=4.0.0"
      }
    },
    "ws": {
      "version": "7.4.4",
      "resolved": "https://registry.npmjs.org/ws/-/ws-7.4.4.tgz",
      "integrity": "sha512-Qm8k8ojNQIMx7S+Zp8u/uHOx7Qazv3Yv4q68MiWWWOJhiwG5W3x7iqmRtJo8xxrciZUY4vRxUTJCKuRnF28ZZw==",
      "optional": true
    }
  }
}
